
Microsoft Visual Studio Solution File, Format Version 12.00
# Visual Studio 2013
VisualStudioVersion = 12.0.30324.0
MinimumVisualStudioVersion = 10.0.40219.1
Project("{FAE04EC0-301F-11D3-BF4B-00C04F79EFBC}") = "Tumblelog", "Tumblelog\Tumblelog.csproj", "{7B0AAE58-F9AB-4F40-A460-985A41E126D1}"
EndProject
Project("{2150E333-8FDC-42A3-9474-1A3956D46DE8}") = "Setup", "Setup", "{14A97D00-6998-4D67-A39A-86ED0ABCF7ED}"
	ProjectSection(SolutionItems) = preProject
		CreateDatabaseAndTables.sql = CreateDatabaseAndTables.sql
	EndProjectSection
EndProject
Project("{FAE04EC0-301F-11D3-BF4B-00C04F79EFBC}") = "Tumblelog.Acceptance.Tests", "Tumblelog.Tests\Tumblelog.Acceptance.Tests.csproj", "{503238B6-83AA-453C-862A-F097F9E7F1D4}"
EndProject
Global
	GlobalSection(SolutionConfigurationPlatforms) = preSolution
		Debug|Any CPU = Debug|Any CPU
		Release|Any CPU = Release|Any CPU
	EndGlobalSection
	GlobalSection(ProjectConfigurationPlatforms) = postSolution
		{7B0AAE58-F9AB-4F40-A460-985A41E126D1}.Debug|Any CPU.ActiveCfg = Debug|Any CPU
		{7B0AAE58-F9AB-4F40-A460-985A41E126D1}.Debug|Any CPU.Build.0 = Debug|Any CPU
		{7B0AAE58-F9AB-4F40-A460-985A41E126D1}.Release|Any CPU.ActiveCfg = Release|Any CPU
		{7B0AAE58-F9AB-4F40-A460-985A41E126D1}.Release|Any CPU.Build.0 = Release|Any CPU
		{503238B6-83AA-453C-862A-F097F9E7F1D4}.Debug|Any CPU.ActiveCfg = Debug|Any CPU
		{503238B6-83AA-453C-862A-F097F9E7F1D4}.Debug|Any CPU.Build.0 = Debug|Any CPU
		{503238B6-83AA-453C-862A-F097F9E7F1D4}.Release|Any CPU.ActiveCfg = Release|Any CPU
		{503238B6-83AA-453C-862A-F097F9E7F1D4}.Release|Any CPU.Build.0 = Release|Any CPU
	EndGlobalSection
	GlobalSection(SolutionProperties) = preSolution
		HideSolutionNode = FALSE
	EndGlobalSection
EndGlobal
